{
  "pins" : [
    {
      "identity" : "icleanmesharedui",
      "kind" : "remoteSourceControl",
      "location" : "https://github.com/iCleanMe/iCleanMeSharedUI.git",
      "state" : {
        "branch" : "main",
        "revision" : "11472bd3f27e8573ded85dda5c4d6f63e20ffc71"
      }
    },
    {
      "identity" : "nnswiftuikit",
      "kind" : "remoteSourceControl",
      "location" : "https://github.com/nikolainobadi/NnSwiftUIKit",
      "state" : {
        "branch" : "main",
        "revision" : "b12d70f4734d006d8fec11130bfae392f5bb9ebc"
      }
    },
    {
      "identity" : "nntestkit",
      "kind" : "remoteSourceControl",
      "location" : "https://github.com/nikolainobadi/NnTestKit",
      "state" : {
        "branch" : "main",
        "revision" : "13edd95fa90c1a506f1a0ffa664324e743438912"
      }
    }
  ],
  "version" : 2
}
