{
  "pins" : [
    {
      "identity" : "icleanmesharedui",
      "kind" : "remoteSourceControl",
      "location" : "https://github.com/iCleanMe/iCleanMeSharedUI.git",
      "state" : {
        "branch" : "main",
        "revision" : "e5e1fe395f2e947462b1dd5a7a0bb0c20d51edab"
      }
    },
    {
      "identity" : "nnswiftuikit",
      "kind" : "remoteSourceControl",
      "location" : "https://github.com/nikolainobadi/NnSwiftUIKit",
      "state" : {
        "revision" : "1a18f7240313013e6c1741d497680e217978c9b2",
        "version" : "1.0.0"
      }
    },
    {
      "identity" : "nntestkit",
      "kind" : "remoteSourceControl",
      "location" : "https://github.com/nikolainobadi/NnTestKit",
      "state" : {
        "revision" : "25fc436219439e159972f2479b0aa73a07d50c44",
        "version" : "1.0.0"
      }
    }
  ],
  "version" : 2
}
